
Microsoft Visual Studio Solution File, Format Version 12.00
# Visual Studio Version 17
VisualStudioVersion = 17.6.33723.286
MinimumVisualStudioVersion = 10.0.40219.1
Project("{FAE04EC0-301F-11D3-BF4B-00C04F79EFBC}") = "ColculatorByYuriy", "ColculatorByYuriy\ColculatorByYuriy.csproj", "{322BB4EF-AF9B-48BB-9E60-68DBA63D865B}"
EndProject
Global
	GlobalSection(SolutionConfigurationPlatforms) = preSolution
		Debug|Any CPU = Debug|Any CPU
		Release|Any CPU = Release|Any CPU
	EndGlobalSection
	GlobalSection(ProjectConfigurationPlatforms) = postSolution
		{322BB4EF-AF9B-48BB-9E60-68DBA63D865B}.Debug|Any CPU.ActiveCfg = Debug|Any CPU
		{322BB4EF-AF9B-48BB-9E60-68DBA63D865B}.Debug|Any CPU.Build.0 = Debug|Any CPU
		{322BB4EF-AF9B-48BB-9E60-68DBA63D865B}.Release|Any CPU.ActiveCfg = Release|Any CPU
		{322BB4EF-AF9B-48BB-9E60-68DBA63D865B}.Release|Any CPU.Build.0 = Release|Any CPU
	EndGlobalSection
	GlobalSection(SolutionProperties) = preSolution
		HideSolutionNode = FALSE
	EndGlobalSection
	GlobalSection(ExtensibilityGlobals) = postSolution
		SolutionGuid = {12AFFCEB-8426-4A6D-89EF-DA6215746870}
	EndGlobalSection
EndGlobal
